// !$*UTF8*$!
{
	archiveVersion = 1;
	classes = {
	};
	objectVersion = 55;
	objects = {

/* Begin PBXBuildFile section */
		7870990A27B3D01F0071B4D0 /* EmojiArtApp.swift in Sources */ = {isa = PBXBuildFile; fileRef = 787098F627B3D01E0071B4D0 /* EmojiArtApp.swift */; };
		7870990B27B3D01F0071B4D0 /* EmojiArtApp.swift in Sources */ = {isa = PBXBuildFile; fileRef = 787098F627B3D01E0071B4D0 /* EmojiArtApp.swift */; };
		7870990C27B3D01F0071B4D0 /* EmojiArtDocument.swift in Sources */ = {isa = PBXBuildFile; fileRef = 787098F727B3D01E0071B4D0 /* EmojiArtDocument.swift */; };
		7870990D27B3D01F0071B4D0 /* EmojiArtDocument.swift in Sources */ = {isa = PBXBuildFile; fileRef = 787098F727B3D01E0071B4D0 /* EmojiArtDocument.swift */; };
		7870991027B3D01F0071B4D0 /* Assets.xcassets in Resources */ = {isa = PBXBuildFile; fileRef = 787098F927B3D01F0071B4D0 /* Assets.xcassets */; };
		7870991127B3D01F0071B4D0 /* Assets.xcassets in Resources */ = {isa = PBXBuildFile; fileRef = 787098F927B3D01F0071B4D0 /* Assets.xcassets */; };
		7870992827B3D57E0071B4D0 /* EmojiArtDocumentView.swift in Sources */ = {isa = PBXBuildFile; fileRef = 7870991A27B3D57D0071B4D0 /* EmojiArtDocumentView.swift */; };
		7870992927B3D57E0071B4D0 /* EmojiArtDocumentView.swift in Sources */ = {isa = PBXBuildFile; fileRef = 7870991A27B3D57D0071B4D0 /* EmojiArtDocumentView.swift */; };
		7870992A27B3D57E0071B4D0 /* PaletteEditor.swift in Sources */ = {isa = PBXBuildFile; fileRef = 7870991B27B3D57D0071B4D0 /* PaletteEditor.swift */; };
		7870992B27B3D57E0071B4D0 /* PaletteEditor.swift in Sources */ = {isa = PBXBuildFile; fileRef = 7870991B27B3D57D0071B4D0 /* PaletteEditor.swift */; };
		7870992C27B3D57E0071B4D0 /* SelectionBorderViewModifier.swift in Sources */ = {isa = PBXBuildFile; fileRef = 7870991C27B3D57D0071B4D0 /* SelectionBorderViewModifier.swift */; };
		7870992D27B3D57E0071B4D0 /* SelectionBorderViewModifier.swift in Sources */ = {isa = PBXBuildFile; fileRef = 7870991C27B3D57D0071B4D0 /* SelectionBorderViewModifier.swift */; };
		7870992E27B3D57E0071B4D0 /* EmojiArtModel.swift in Sources */ = {isa = PBXBuildFile; fileRef = 7870991D27B3D57D0071B4D0 /* EmojiArtModel.swift */; };
		7870992F27B3D57E0071B4D0 /* EmojiArtModel.swift in Sources */ = {isa = PBXBuildFile; fileRef = 7870991D27B3D57D0071B4D0 /* EmojiArtModel.swift */; };
		7870993027B3D57E0071B4D0 /* UtilityExtensions.swift in Sources */ = {isa = PBXBuildFile; fileRef = 7870991E27B3D57E0071B4D0 /* UtilityExtensions.swift */; };
		7870993127B3D57E0071B4D0 /* UtilityExtensions.swift in Sources */ = {isa = PBXBuildFile; fileRef = 7870991E27B3D57E0071B4D0 /* UtilityExtensions.swift */; };
		7870993227B3D57E0071B4D0 /* EmojiArtModel.Background.swift in Sources */ = {isa = PBXBuildFile; fileRef = 7870991F27B3D57E0071B4D0 /* EmojiArtModel.Background.swift */; };
		7870993327B3D57E0071B4D0 /* EmojiArtModel.Background.swift in Sources */ = {isa = PBXBuildFile; fileRef = 7870991F27B3D57E0071B4D0 /* EmojiArtModel.Background.swift */; };
		7870993427B3D57E0071B4D0 /* Camera.swift in Sources */ = {isa = PBXBuildFile; fileRef = 7870992027B3D57E0071B4D0 /* Camera.swift */; };
		7870993527B3D57E0071B4D0 /* Camera.swift in Sources */ = {isa = PBXBuildFile; fileRef = 7870992027B3D57E0071B4D0 /* Camera.swift */; };
		7870993627B3D57E0071B4D0 /* PaletteManager.swift in Sources */ = {isa = PBXBuildFile; fileRef = 7870992127B3D57E0071B4D0 /* PaletteManager.swift */; };
		7870993727B3D57E0071B4D0 /* PaletteManager.swift in Sources */ = {isa = PBXBuildFile; fileRef = 7870992127B3D57E0071B4D0 /* PaletteManager.swift */; };
		7870993827B3D57E0071B4D0 /* AnimatableSystemFontModifier.swift in Sources */ = {isa = PBXBuildFile; fileRef = 7870992227B3D57E0071B4D0 /* AnimatableSystemFontModifier.swift */; };
		7870993927B3D57E0071B4D0 /* AnimatableSystemFontModifier.swift in Sources */ = {isa = PBXBuildFile; fileRef = 7870992227B3D57E0071B4D0 /* AnimatableSystemFontModifier.swift */; };
		7870993A27B3D57E0071B4D0 /* PhotoLibrary.swift in Sources */ = {isa = PBXBuildFile; fileRef = 7870992327B3D57E0071B4D0 /* PhotoLibrary.swift */; };
		7870993B27B3D57E0071B4D0 /* PhotoLibrary.swift in Sources */ = {isa = PBXBuildFile; fileRef = 7870992327B3D57E0071B4D0 /* PhotoLibrary.swift */; };
		7870993C27B3D57E0071B4D0 /* Set+Extension.swift in Sources */ = {isa = PBXBuildFile; fileRef = 7870992427B3D57E0071B4D0 /* Set+Extension.swift */; };
		7870993D27B3D57E0071B4D0 /* Set+Extension.swift in Sources */ = {isa = PBXBuildFile; fileRef = 7870992427B3D57E0071B4D0 /* Set+Extension.swift */; };
		7870993E27B3D57E0071B4D0 /* PaletteStore.swift in Sources */ = {isa = PBXBuildFile; fileRef = 7870992527B3D57E0071B4D0 /* PaletteStore.swift */; };
		7870993F27B3D57E0071B4D0 /* PaletteStore.swift in Sources */ = {isa = PBXBuildFile; fileRef = 7870992527B3D57E0071B4D0 /* PaletteStore.swift */; };
		7870994027B3D57E0071B4D0 /* UtilityViews.swift in Sources */ = {isa = PBXBuildFile; fileRef = 7870992627B3D57E0071B4D0 /* UtilityViews.swift */; };
		7870994127B3D57E0071B4D0 /* UtilityViews.swift in Sources */ = {isa = PBXBuildFile; fileRef = 7870992627B3D57E0071B4D0 /* UtilityViews.swift */; };
		7870994227B3D57E0071B4D0 /* PaletteChooser.swift in Sources */ = {isa = PBXBuildFile; fileRef = 7870992727B3D57E0071B4D0 /* PaletteChooser.swift */; };
		7870994327B3D57E0071B4D0 /* PaletteChooser.swift in Sources */ = {isa = PBXBuildFile; fileRef = 7870992727B3D57E0071B4D0 /* PaletteChooser.swift */; };
/* End PBXBuildFile section */

/* Begin PBXFileReference section */
		787098F627B3D01E0071B4D0 /* EmojiArtApp.swift */ = {isa = PBXFileReference; lastKnownFileType = sourcecode.swift; path = EmojiArtApp.swift; sourceTree = "<group>"; };
		787098F727B3D01E0071B4D0 /* EmojiArtDocument.swift */ = {isa = PBXFileReference; lastKnownFileType = sourcecode.swift; path = EmojiArtDocument.swift; sourceTree = "<group>"; };
		787098F927B3D01F0071B4D0 /* Assets.xcassets */ = {isa = PBXFileReference; lastKnownFileType = folder.assetcatalog; path = Assets.xcassets; sourceTree = "<group>"; };
		787098FE27B3D01F0071B4D0 /* EmojiArt.app */ = {isa = PBXFileReference; explicitFileType = wrapper.application; includeInIndex = 0; path = EmojiArt.app; sourceTree = BUILT_PRODUCTS_DIR; };
		7870990127B3D01F0071B4D0 /* Info.plist */ = {isa = PBXFileReference; lastKnownFileType = text.plist.xml; path = Info.plist; sourceTree = "<group>"; };
		7870990627B3D01F0071B4D0 /* EmojiArt.app */ = {isa = PBXFileReference; explicitFileType = wrapper.application; includeInIndex = 0; path = EmojiArt.app; sourceTree = BUILT_PRODUCTS_DIR; };
		7870990827B3D01F0071B4D0 /* Info.plist */ = {isa = PBXFileReference; lastKnownFileType = text.plist.xml; path = Info.plist; sourceTree = "<group>"; };
		7870990927B3D01F0071B4D0 /* macOS.entitlements */ = {isa = PBXFileReference; lastKnownFileType = text.plist.entitlements; path = macOS.entitlements; sourceTree = "<group>"; };
		7870991A27B3D57D0071B4D0 /* EmojiArtDocumentView.swift */ = {isa = PBXFileReference; fileEncoding = 4; lastKnownFileType = sourcecode.swift; path = EmojiArtDocumentView.swift; sourceTree = "<group>"; };
		7870991B27B3D57D0071B4D0 /* PaletteEditor.swift */ = {isa = PBXFileReference; fileEncoding = 4; lastKnownFileType = sourcecode.swift; path = PaletteEditor.swift; sourceTree = "<group>"; };
		7870991C27B3D57D0071B4D0 /* SelectionBorderViewModifier.swift */ = {isa = PBXFileReference; fileEncoding = 4; lastKnownFileType = sourcecode.swift; path = SelectionBorderViewModifier.swift; sourceTree = "<group>"; };
		7870991D27B3D57D0071B4D0 /* EmojiArtModel.swift */ = {isa = PBXFileReference; fileEncoding = 4; lastKnownFileType = sourcecode.swift; path = EmojiArtModel.swift; sourceTree = "<group>"; };
		7870991E27B3D57E0071B4D0 /* UtilityExtensions.swift */ = {isa = PBXFileReference; fileEncoding = 4; lastKnownFileType = sourcecode.swift; path = UtilityExtensions.swift; sourceTree = "<group>"; };
		7870991F27B3D57E0071B4D0 /* EmojiArtModel.Background.swift */ = {isa = PBXFileReference; fileEncoding = 4; lastKnownFileType = sourcecode.swift; path = EmojiArtModel.Background.swift; sourceTree = "<group>"; };
		7870992027B3D57E0071B4D0 /* Camera.swift */ = {isa = PBXFileReference; fileEncoding = 4; lastKnownFileType = sourcecode.swift; path = Camera.swift; sourceTree = "<group>"; };
		7870992127B3D57E0071B4D0 /* PaletteManager.swift */ = {isa = PBXFileReference; fileEncoding = 4; lastKnownFileType = sourcecode.swift; path = PaletteManager.swift; sourceTree = "<group>"; };
		7870992227B3D57E0071B4D0 /* AnimatableSystemFontModifier.swift */ = {isa = PBXFileReference; fileEncoding = 4; lastKnownFileType = sourcecode.swift; path = AnimatableSystemFontModifier.swift; sourceTree = "<group>"; };
		7870992327B3D57E0071B4D0 /* PhotoLibrary.swift */ = {isa = PBXFileReference; fileEncoding = 4; lastKnownFileType = sourcecode.swift; path = PhotoLibrary.swift; sourceTree = "<group>"; };
		7870992427B3D57E0071B4D0 /* Set+Extension.swift */ = {isa = PBXFileReference; fileEncoding = 4; lastKnownFileType = sourcecode.swift; path = "Set+Extension.swift"; sourceTree = "<group>"; };
		7870992527B3D57E0071B4D0 /* PaletteStore.swift */ = {isa = PBXFileReference; fileEncoding = 4; lastKnownFileType = sourcecode.swift; path = PaletteStore.swift; sourceTree = "<group>"; };
		7870992627B3D57E0071B4D0 /* UtilityViews.swift */ = {isa = PBXFileReference; fileEncoding = 4; lastKnownFileType = sourcecode.swift; path = UtilityViews.swift; sourceTree = "<group>"; };
		7870992727B3D57E0071B4D0 /* PaletteChooser.swift */ = {isa = PBXFileReference; fileEncoding = 4; lastKnownFileType = sourcecode.swift; path = PaletteChooser.swift; sourceTree = "<group>"; };
/* End PBXFileReference section */

/* Begin PBXFrameworksBuildPhase section */
		787098FB27B3D01F0071B4D0 /* Frameworks */ = {
			isa = PBXFrameworksBuildPhase;
			buildActionMask = 2147483647;
			files = (
			);
			runOnlyForDeploymentPostprocessing = 0;
		};
		7870990327B3D01F0071B4D0 /* Frameworks */ = {
			isa = PBXFrameworksBuildPhase;
			buildActionMask = 2147483647;
			files = (
			);
			runOnlyForDeploymentPostprocessing = 0;
		};
/* End PBXFrameworksBuildPhase section */

/* Begin PBXGroup section */
		787098F027B3D01E0071B4D0 = {
			isa = PBXGroup;
			children = (
				787098F527B3D01E0071B4D0 /* Shared */,
				7870990027B3D01F0071B4D0 /* iOS */,
				7870990727B3D01F0071B4D0 /* macOS */,
				787098FF27B3D01F0071B4D0 /* Products */,
			);
			sourceTree = "<group>";
		};
		787098F527B3D01E0071B4D0 /* Shared */ = {
			isa = PBXGroup;
			children = (
				787098F627B3D01E0071B4D0 /* EmojiArtApp.swift */,
				787098F727B3D01E0071B4D0 /* EmojiArtDocument.swift */,
				7870992227B3D57E0071B4D0 /* AnimatableSystemFontModifier.swift */,
				7870992027B3D57E0071B4D0 /* Camera.swift */,
				7870991A27B3D57D0071B4D0 /* EmojiArtDocumentView.swift */,
				7870991F27B3D57E0071B4D0 /* EmojiArtModel.Background.swift */,
				7870991D27B3D57D0071B4D0 /* EmojiArtModel.swift */,
				7870992727B3D57E0071B4D0 /* PaletteChooser.swift */,
				7870991B27B3D57D0071B4D0 /* PaletteEditor.swift */,
				7870992127B3D57E0071B4D0 /* PaletteManager.swift */,
				7870992527B3D57E0071B4D0 /* PaletteStore.swift */,
				7870992327B3D57E0071B4D0 /* PhotoLibrary.swift */,
				7870991C27B3D57D0071B4D0 /* SelectionBorderViewModifier.swift */,
				7870992427B3D57E0071B4D0 /* Set+Extension.swift */,
				7870991E27B3D57E0071B4D0 /* UtilityExtensions.swift */,
				7870992627B3D57E0071B4D0 /* UtilityViews.swift */,
				787098F927B3D01F0071B4D0 /* Assets.xcassets */,
			);
			path = Shared;
			sourceTree = "<group>";
		};
		787098FF27B3D01F0071B4D0 /* Products */ = {
			isa = PBXGroup;
			children = (
				787098FE27B3D01F0071B4D0 /* EmojiArt.app */,
				7870990627B3D01F0071B4D0 /* EmojiArt.app */,
			);
			name = Products;
			sourceTree = "<group>";
		};
		7870990027B3D01F0071B4D0 /* iOS */ = {
			isa = PBXGroup;
			children = (
				7870990127B3D01F0071B4D0 /* Info.plist */,
			);
			path = iOS;
			sourceTree = "<group>";
		};
		7870990727B3D01F0071B4D0 /* macOS */ = {
			isa = PBXGroup;
			children = (
				7870990827B3D01F0071B4D0 /* Info.plist */,
				7870990927B3D01F0071B4D0 /* macOS.entitlements */,
			);
			path = macOS;
			sourceTree = "<group>";
		};
/* End PBXGroup section */

/* Begin PBXNativeTarget section */
		787098FD27B3D01F0071B4D0 /* EmojiArt (iOS) */ = {
			isa = PBXNativeTarget;
			buildConfigurationList = 7870991427B3D01F0071B4D0 /* Build configuration list for PBXNativeTarget "EmojiArt (iOS)" */;
			buildPhases = (
				787098FA27B3D01F0071B4D0 /* Sources */,
				787098FB27B3D01F0071B4D0 /* Frameworks */,
				787098FC27B3D01F0071B4D0 /* Resources */,
			);
			buildRules = (
			);
			dependencies = (
			);
			name = "EmojiArt (iOS)";
			productName = "EmojiArt-Multiplatform (iOS)";
			productReference = 787098FE27B3D01F0071B4D0 /* EmojiArt.app */;
			productType = "com.apple.product-type.application";
		};
		7870990527B3D01F0071B4D0 /* EmojiArt (macOS) */ = {
			isa = PBXNativeTarget;
			buildConfigurationList = 7870991727B3D01F0071B4D0 /* Build configuration list for PBXNativeTarget "EmojiArt (macOS)" */;
			buildPhases = (
				7870990227B3D01F0071B4D0 /* Sources */,
				7870990327B3D01F0071B4D0 /* Frameworks */,
				7870990427B3D01F0071B4D0 /* Resources */,
			);
			buildRules = (
			);
			dependencies = (
			);
			name = "EmojiArt (macOS)";
			productName = "EmojiArt-Multiplatform (macOS)";
			productReference = 7870990627B3D01F0071B4D0 /* EmojiArt.app */;
			productType = "com.apple.product-type.application";
		};
/* End PBXNativeTarget section */

/* Begin PBXProject section */
		787098F127B3D01E0071B4D0 /* Project object */ = {
			isa = PBXProject;
			attributes = {
				BuildIndependentTargetsInParallel = 1;
				LastSwiftUpdateCheck = 1320;
				LastUpgradeCheck = 1320;
				TargetAttributes = {
					787098FD27B3D01F0071B4D0 = {
						CreatedOnToolsVersion = 13.2.1;
					};
					7870990527B3D01F0071B4D0 = {
						CreatedOnToolsVersion = 13.2.1;
					};
				};
			};
			buildConfigurationList = 787098F427B3D01E0071B4D0 /* Build configuration list for PBXProject "EmojiArt" */;
			compatibilityVersion = "Xcode 13.0";
			developmentRegion = en;
			hasScannedForEncodings = 0;
			knownRegions = (
				en,
				Base,
			);
			mainGroup = 787098F027B3D01E0071B4D0;
			productRefGroup = 787098FF27B3D01F0071B4D0 /* Products */;
			projectDirPath = "";
			projectRoot = "";
			targets = (
				787098FD27B3D01F0071B4D0 /* EmojiArt (iOS) */,
				7870990527B3D01F0071B4D0 /* EmojiArt (macOS) */,
			);
		};
/* End PBXProject section */

/* Begin PBXResourcesBuildPhase section */
		787098FC27B3D01F0071B4D0 /* Resources */ = {
			isa = PBXResourcesBuildPhase;
			buildActionMask = 2147483647;
			files = (
				7870991027B3D01F0071B4D0 /* Assets.xcassets in Resources */,
			);
			runOnlyForDeploymentPostprocessing = 0;
		};
		7870990427B3D01F0071B4D0 /* Resources */ = {
			isa = PBXResourcesBuildPhase;
			buildActionMask = 2147483647;
			files = (
				7870991127B3D01F0071B4D0 /* Assets.xcassets in Resources */,
			);
			runOnlyForDeploymentPostprocessing = 0;
		};
/* End PBXResourcesBuildPhase section */

/* Begin PBXSourcesBuildPhase section */
		787098FA27B3D01F0071B4D0 /* Sources */ = {
			isa = PBXSourcesBuildPhase;
			buildActionMask = 2147483647;
			files = (
				7870990C27B3D01F0071B4D0 /* EmojiArtDocument.swift in Sources */,
				7870993E27B3D57E0071B4D0 /* PaletteStore.swift in Sources */,
				7870993A27B3D57E0071B4D0 /* PhotoLibrary.swift in Sources */,
				7870993627B3D57E0071B4D0 /* PaletteManager.swift in Sources */,
				7870993227B3D57E0071B4D0 /* EmojiArtModel.Background.swift in Sources */,
				7870990A27B3D01F0071B4D0 /* EmojiArtApp.swift in Sources */,
				7870992A27B3D57E0071B4D0 /* PaletteEditor.swift in Sources */,
				7870992E27B3D57E0071B4D0 /* EmojiArtModel.swift in Sources */,
				7870992827B3D57E0071B4D0 /* EmojiArtDocumentView.swift in Sources */,
				7870993C27B3D57E0071B4D0 /* Set+Extension.swift in Sources */,
				7870993427B3D57E0071B4D0 /* Camera.swift in Sources */,
				7870992C27B3D57E0071B4D0 /* SelectionBorderViewModifier.swift in Sources */,
				7870993027B3D57E0071B4D0 /* UtilityExtensions.swift in Sources */,
				7870994227B3D57E0071B4D0 /* PaletteChooser.swift in Sources */,
				7870993827B3D57E0071B4D0 /* AnimatableSystemFontModifier.swift in Sources */,
				7870994027B3D57E0071B4D0 /* UtilityViews.swift in Sources */,
			);
			runOnlyForDeploymentPostprocessing = 0;
		};
		7870990227B3D01F0071B4D0 /* Sources */ = {
			isa = PBXSourcesBuildPhase;
			buildActionMask = 2147483647;
			files = (
				7870990D27B3D01F0071B4D0 /* EmojiArtDocument.swift in Sources */,
				7870993F27B3D57E0071B4D0 /* PaletteStore.swift in Sources */,
				7870993B27B3D57E0071B4D0 /* PhotoLibrary.swift in Sources */,
				7870993727B3D57E0071B4D0 /* PaletteManager.swift in Sources */,
				7870993327B3D57E0071B4D0 /* EmojiArtModel.Background.swift in Sources */,
				7870990B27B3D01F0071B4D0 /* EmojiArtApp.swift in Sources */,
				7870992B27B3D57E0071B4D0 /* PaletteEditor.swift in Sources */,
				7870992F27B3D57E0071B4D0 /* EmojiArtModel.swift in Sources */,
				7870992927B3D57E0071B4D0 /* EmojiArtDocumentView.swift in Sources */,
				7870993D27B3D57E0071B4D0 /* Set+Extension.swift in Sources */,
				7870993527B3D57E0071B4D0 /* Camera.swift in Sources */,
				7870992D27B3D57E0071B4D0 /* SelectionBorderViewModifier.swift in Sources */,
				7870993127B3D57E0071B4D0 /* UtilityExtensions.swift in Sources */,
				7870994327B3D57E0071B4D0 /* PaletteChooser.swift in Sources */,
				7870993927B3D57E0071B4D0 /* AnimatableSystemFontModifier.swift in Sources */,
				7870994127B3D57E0071B4D0 /* UtilityViews.swift in Sources */,
			);
			runOnlyForDeploymentPostprocessing = 0;
		};
/* End PBXSourcesBuildPhase section */

/* Begin XCBuildConfiguration section */
		7870991227B3D01F0071B4D0 /* Debug */ = {
			isa = XCBuildConfiguration;
			buildSettings = {
				ALWAYS_SEARCH_USER_PATHS = NO;
				CLANG_ANALYZER_NONNULL = YES;
				CLANG_ANALYZER_NUMBER_OBJECT_CONVERSION = YES_AGGRESSIVE;
				CLANG_CXX_LANGUAGE_STANDARD = "gnu++17";
				CLANG_CXX_LIBRARY = "libc++";
				CLANG_ENABLE_MODULES = YES;
				CLANG_ENABLE_OBJC_ARC = YES;
				CLANG_ENABLE_OBJC_WEAK = YES;
				CLANG_WARN_BLOCK_CAPTURE_AUTORELEASING = YES;
				CLANG_WARN_BOOL_CONVERSION = YES;
				CLANG_WARN_COMMA = YES;
				CLANG_WARN_CONSTANT_CONVERSION = YES;
				CLANG_WARN_DEPRECATED_OBJC_IMPLEMENTATIONS = YES;
				CLANG_WARN_DIRECT_OBJC_ISA_USAGE = YES_ERROR;
				CLANG_WARN_DOCUMENTATION_COMMENTS = YES;
				CLANG_WARN_EMPTY_BODY = YES;
				CLANG_WARN_ENUM_CONVERSION = YES;
				CLANG_WARN_INFINITE_RECURSION = YES;
				CLANG_WARN_INT_CONVERSION = YES;
				CLANG_WARN_NON_LITERAL_NULL_CONVERSION = YES;
				CLANG_WARN_OBJC_IMPLICIT_RETAIN_SELF = YES;
				CLANG_WARN_OBJC_LITERAL_CONVERSION = YES;
				CLANG_WARN_OBJC_ROOT_CLASS = YES_ERROR;
				CLANG_WARN_QUOTED_INCLUDE_IN_FRAMEWORK_HEADER = YES;
				CLANG_WARN_RANGE_LOOP_ANALYSIS = YES;
				CLANG_WARN_STRICT_PROTOTYPES = YES;
				CLANG_WARN_SUSPICIOUS_MOVE = YES;
				CLANG_WARN_UNGUARDED_AVAILABILITY = YES_AGGRESSIVE;
				CLANG_WARN_UNREACHABLE_CODE = YES;
				CLANG_WARN__DUPLICATE_METHOD_MATCH = YES;
				COPY_PHASE_STRIP = NO;
				DEBUG_INFORMATION_FORMAT = dwarf;
				ENABLE_STRICT_OBJC_MSGSEND = YES;
				ENABLE_TESTABILITY = YES;
				GCC_C_LANGUAGE_STANDARD = gnu11;
				GCC_DYNAMIC_NO_PIC = NO;
				GCC_NO_COMMON_BLOCKS = YES;
				GCC_OPTIMIZATION_LEVEL = 0;
				GCC_PREPROCESSOR_DEFINITIONS = (
					"DEBUG=1",
					"$(inherited)",
				);
				GCC_WARN_64_TO_32_BIT_CONVERSION = YES;
				GCC_WARN_ABOUT_RETURN_TYPE = YES_ERROR;
				GCC_WARN_UNDECLARED_SELECTOR = YES;
				GCC_WARN_UNINITIALIZED_AUTOS = YES_AGGRESSIVE;
				GCC_WARN_UNUSED_FUNCTION = YES;
				GCC_WARN_UNUSED_VARIABLE = YES;
				MTL_ENABLE_DEBUG_INFO = INCLUDE_SOURCE;
				MTL_FAST_MATH = YES;
				ONLY_ACTIVE_ARCH = YES;
				SWIFT_ACTIVE_COMPILATION_CONDITIONS = DEBUG;
				SWIFT_OPTIMIZATION_LEVEL = "-Onone";
			};
			name = Debug;
		};
		7870991327B3D01F0071B4D0 /* Release */ = {
			isa = XCBuildConfiguration;
			buildSettings = {
				ALWAYS_SEARCH_USER_PATHS = NO;
				CLANG_ANALYZER_NONNULL = YES;
				CLANG_ANALYZER_NUMBER_OBJECT_CONVERSION = YES_AGGRESSIVE;
				CLANG_CXX_LANGUAGE_STANDARD = "gnu++17";
				CLANG_CXX_LIBRARY = "libc++";
				CLANG_ENABLE_MODULES = YES;
				CLANG_ENABLE_OBJC_ARC = YES;
				CLANG_ENABLE_OBJC_WEAK = YES;
				CLANG_WARN_BLOCK_CAPTURE_AUTORELEASING = YES;
				CLANG_WARN_BOOL_CONVERSION = YES;
				CLANG_WARN_COMMA = YES;
				CLANG_WARN_CONSTANT_CONVERSION = YES;
				CLANG_WARN_DEPRECATED_OBJC_IMPLEMENTATIONS = YES;
				CLANG_WARN_DIRECT_OBJC_ISA_USAGE = YES_ERROR;
				CLANG_WARN_DOCUMENTATION_COMMENTS = YES;
				CLANG_WARN_EMPTY_BODY = YES;
				CLANG_WARN_ENUM_CONVERSION = YES;
				CLANG_WARN_INFINITE_RECURSION = YES;
				CLANG_WARN_INT_CONVERSION = YES;
				CLANG_WARN_NON_LITERAL_NULL_CONVERSION = YES;
				CLANG_WARN_OBJC_IMPLICIT_RETAIN_SELF = YES;
				CLANG_WARN_OBJC_LITERAL_CONVERSION = YES;
				CLANG_WARN_OBJC_ROOT_CLASS = YES_ERROR;
				CLANG_WARN_QUOTED_INCLUDE_IN_FRAMEWORK_HEADER = YES;
				CLANG_WARN_RANGE_LOOP_ANALYSIS = YES;
				CLANG_WARN_STRICT_PROTOTYPES = YES;
				CLANG_WARN_SUSPICIOUS_MOVE = YES;
				CLANG_WARN_UNGUARDED_AVAILABILITY = YES_AGGRESSIVE;
				CLANG_WARN_UNREACHABLE_CODE = YES;
				CLANG_WARN__DUPLICATE_METHOD_MATCH = YES;
				COPY_PHASE_STRIP = NO;
				DEBUG_INFORMATION_FORMAT = "dwarf-with-dsym";
				ENABLE_NS_ASSERTIONS = NO;
				ENABLE_STRICT_OBJC_MSGSEND = YES;
				GCC_C_LANGUAGE_STANDARD = gnu11;
				GCC_NO_COMMON_BLOCKS = YES;
				GCC_WARN_64_TO_32_BIT_CONVERSION = YES;
				GCC_WARN_ABOUT_RETURN_TYPE = YES_ERROR;
				GCC_WARN_UNDECLARED_SELECTOR = YES;
				GCC_WARN_UNINITIALIZED_AUTOS = YES_AGGRESSIVE;
				GCC_WARN_UNUSED_FUNCTION = YES;
				GCC_WARN_UNUSED_VARIABLE = YES;
				MTL_ENABLE_DEBUG_INFO = NO;
				MTL_FAST_MATH = YES;
				SWIFT_COMPILATION_MODE = wholemodule;
				SWIFT_OPTIMIZATION_LEVEL = "-O";
			};
			name = Release;
		};
		7870991527B3D01F0071B4D0 /* Debug */ = {
			isa = XCBuildConfiguration;
			buildSettings = {
				ASSETCATALOG_COMPILER_APPICON_NAME = AppIcon;
				ASSETCATALOG_COMPILER_GLOBAL_ACCENT_COLOR_NAME = AccentColor;
				CODE_SIGN_STYLE = Automatic;
				CURRENT_PROJECT_VERSION = 1;
				DEVELOPMENT_TEAM = BKG2E965LP;
				ENABLE_PREVIEWS = YES;
				GENERATE_INFOPLIST_FILE = YES;
				INFOPLIST_FILE = iOS/Info.plist;
				INFOPLIST_KEY_LSSupportsOpeningDocumentsInPlace = YES;
				INFOPLIST_KEY_UIApplicationSceneManifest_Generation = YES;
				INFOPLIST_KEY_UIApplicationSupportsIndirectInputEvents = YES;
				INFOPLIST_KEY_UILaunchScreen_Generation = YES;
				INFOPLIST_KEY_UISupportedInterfaceOrientations_iPad = "UIInterfaceOrientationPortrait UIInterfaceOrientationPortraitUpsideDown UIInterfaceOrientationLandscapeLeft UIInterfaceOrientationLandscapeRight";
				INFOPLIST_KEY_UISupportedInterfaceOrientations_iPhone = "UIInterfaceOrientationPortrait UIInterfaceOrientationLandscapeLeft UIInterfaceOrientationLandscapeRight";
				INFOPLIST_KEY_UISupportsDocumentBrowser = YES;
				IPHONEOS_DEPLOYMENT_TARGET = 15.2;
				LD_RUNPATH_SEARCH_PATHS = (
					"$(inherited)",
					"@executable_path/Frameworks",
				);
				MARKETING_VERSION = 1.0;
				PRODUCT_BUNDLE_IDENTIFIER = "com.gmail.blinnikov.EmojiArt-Multiplatform";
				PRODUCT_NAME = EmojiArt;
				SDKROOT = iphoneos;
				SWIFT_EMIT_LOC_STRINGS = YES;
				SWIFT_VERSION = 5.0;
				TARGETED_DEVICE_FAMILY = "1,2";
			};
			name = Debug;
		};
		7870991627B3D01F0071B4D0 /* Release */ = {
			isa = XCBuildConfiguration;
			buildSettings = {
				ASSETCATALOG_COMPILER_APPICON_NAME = AppIcon;
				ASSETCATALOG_COMPILER_GLOBAL_ACCENT_COLOR_NAME = AccentColor;
				CODE_SIGN_STYLE = Automatic;
				CURRENT_PROJECT_VERSION = 1;
				DEVELOPMENT_TEAM = BKG2E965LP;
				ENABLE_PREVIEWS = YES;
				GENERATE_INFOPLIST_FILE = YES;
				INFOPLIST_FILE = iOS/Info.plist;
				INFOPLIST_KEY_LSSupportsOpeningDocumentsInPlace = YES;
				INFOPLIST_KEY_UIApplicationSceneManifest_Generation = YES;
				INFOPLIST_KEY_UIApplicationSupportsIndirectInputEvents = YES;
				INFOPLIST_KEY_UILaunchScreen_Generation = YES;
				INFOPLIST_KEY_UISupportedInterfaceOrientations_iPad = "UIInterfaceOrientationPortrait UIInterfaceOrientationPortraitUpsideDown UIInterfaceOrientationLandscapeLeft UIInterfaceOrientationLandscapeRight";
				INFOPLIST_KEY_UISupportedInterfaceOrientations_iPhone = "UIInterfaceOrientationPortrait UIInterfaceOrientationLandscapeLeft UIInterfaceOrientationLandscapeRight";
				INFOPLIST_KEY_UISupportsDocumentBrowser = YES;
				IPHONEOS_DEPLOYMENT_TARGET = 15.2;
				LD_RUNPATH_SEARCH_PATHS = (
					"$(inherited)",
					"@executable_path/Frameworks",
				);
				MARKETING_VERSION = 1.0;
				PRODUCT_BUNDLE_IDENTIFIER = "com.gmail.blinnikov.EmojiArt-Multiplatform";
				PRODUCT_NAME = EmojiArt;
				SDKROOT = iphoneos;
				SWIFT_EMIT_LOC_STRINGS = YES;
				SWIFT_VERSION = 5.0;
				TARGETED_DEVICE_FAMILY = "1,2";
				VALIDATE_PRODUCT = YES;
			};
			name = Release;
		};
		7870991827B3D01F0071B4D0 /* Debug */ = {
			isa = XCBuildConfiguration;
			buildSettings = {
				ASSETCATALOG_COMPILER_APPICON_NAME = AppIcon;
				ASSETCATALOG_COMPILER_GLOBAL_ACCENT_COLOR_NAME = AccentColor;
				CODE_SIGN_ENTITLEMENTS = macOS/macOS.entitlements;
				CODE_SIGN_STYLE = Automatic;
				COMBINE_HIDPI_IMAGES = YES;
				CURRENT_PROJECT_VERSION = 1;
				DEVELOPMENT_TEAM = BKG2E965LP;
				ENABLE_HARDENED_RUNTIME = YES;
				ENABLE_PREVIEWS = YES;
				GENERATE_INFOPLIST_FILE = YES;
				INFOPLIST_FILE = macOS/Info.plist;
				INFOPLIST_KEY_NSHumanReadableCopyright = "";
				LD_RUNPATH_SEARCH_PATHS = (
					"$(inherited)",
					"@executable_path/../Frameworks",
				);
				MACOSX_DEPLOYMENT_TARGET = 12.1;
				MARKETING_VERSION = 1.0;
				PRODUCT_BUNDLE_IDENTIFIER = "com.gmail.blinnikov.EmojiArt-Multiplatform";
				PRODUCT_NAME = EmojiArt;
				SDKROOT = macosx;
				SWIFT_EMIT_LOC_STRINGS = YES;
				SWIFT_VERSION = 5.0;
			};
			name = Debug;
		};
		7870991927B3D01F0071B4D0 /* Release */ = {
			isa = XCBuildConfiguration;
			buildSettings = {
				ASSETCATALOG_COMPILER_APPICON_NAME = AppIcon;
				ASSETCATALOG_COMPILER_GLOBAL_ACCENT_COLOR_NAME = AccentColor;
				CODE_SIGN_ENTITLEMENTS = macOS/macOS.entitlements;
				CODE_SIGN_STYLE = Automatic;
				COMBINE_HIDPI_IMAGES = YES;
				CURRENT_PROJECT_VERSION = 1;
				DEVELOPMENT_TEAM = BKG2E965LP;
				ENABLE_HARDENED_RUNTIME = YES;
				ENABLE_PREVIEWS = YES;
				GENERATE_INFOPLIST_FILE = YES;
				INFOPLIST_FILE = macOS/Info.plist;
				INFOPLIST_KEY_NSHumanReadableCopyright = "";
				LD_RUNPATH_SEARCH_PATHS = (
					"$(inherited)",
					"@executable_path/../Frameworks",
				);
				MACOSX_DEPLOYMENT_TARGET = 12.1;
				MARKETING_VERSION = 1.0;
				PRODUCT_BUNDLE_IDENTIFIER = "com.gmail.blinnikov.EmojiArt-Multiplatform";
				PRODUCT_NAME = EmojiArt;
				SDKROOT = macosx;
				SWIFT_EMIT_LOC_STRINGS = YES;
				SWIFT_VERSION = 5.0;
			};
			name = Release;
		};
/* End XCBuildConfiguration section */

/* Begin XCConfigurationList section */
		787098F427B3D01E0071B4D0 /* Build configuration list for PBXProject "EmojiArt" */ = {
			isa = XCConfigurationList;
			buildConfigurations = (
				7870991227B3D01F0071B4D0 /* Debug */,
				7870991327B3D01F0071B4D0 /* Release */,
			);
			defaultConfigurationIsVisible = 0;
			defaultConfigurationName = Release;
		};
		7870991427B3D01F0071B4D0 /* Build configuration list for PBXNativeTarget "EmojiArt (iOS)" */ = {
			isa = XCConfigurationList;
			buildConfigurations = (
				7870991527B3D01F0071B4D0 /* Debug */,
				7870991627B3D01F0071B4D0 /* Release */,
			);
			defaultConfigurationIsVisible = 0;
			defaultConfigurationName = Release;
		};
		7870991727B3D01F0071B4D0 /* Build configuration list for PBXNativeTarget "EmojiArt (macOS)" */ = {
			isa = XCConfigurationList;
			buildConfigurations = (
				7870991827B3D01F0071B4D0 /* Debug */,
				7870991927B3D01F0071B4D0 /* Release */,
			);
			defaultConfigurationIsVisible = 0;
			defaultConfigurationName = Release;
		};
/* End XCConfigurationList section */
	};
	rootObject = 787098F127B3D01E0071B4D0 /* Project object */;
}
